{
  "name": "paintnet-ohje",
  "version": "1.0.0",
  "lockfileVersion": 1,
  "requires": true,
  "dependencies": {
    "@vizuaalog/bulmajs": {
      "version": "0.11.0",
      "resolved": "https://registry.npmjs.org/@vizuaalog/bulmajs/-/bulmajs-0.11.0.tgz",
      "integrity": "sha512-Zv7RYZuY3o9OMixtFN3syeKFfDg/aU/4BcyIEl7WBXFZmf55p24la3KDEv9tgpPFtRPhjo3IMbdbvWPFwpnNXg==",
      "dev": true
    },
    "bulma": {
      "version": "0.9.0",
      "resolved": "https://registry.npmjs.org/bulma/-/bulma-0.9.0.tgz",
      "integrity": "sha512-rV75CJkubNUroAt0qCRkjznZLoaXq/ctfMXsMvKSL84UetbSyx5REl96e8GoQ04G4Tkw0XF3STECffTOQrbzOQ==",
      "dev": true
    }
  }
}
